
Microsoft Visual Studio Solution File, Format Version 12.00
# Visual Studio 14
VisualStudioVersion = 14.0.25123.0
MinimumVisualStudioVersion = 10.0.40219.1
Project("{FAE04EC0-301F-11D3-BF4B-00C04F79EFBC}") = "Sitecore.Support.107294", "Sitecore.Support.107294\Sitecore.Support.107294.csproj", "{32DB1FD7-9992-4222-B714-D70BD1C91B1D}"
EndProject
Global
	GlobalSection(SolutionConfigurationPlatforms) = preSolution
		Debug|Any CPU = Debug|Any CPU
		Release|Any CPU = Release|Any CPU
	EndGlobalSection
	GlobalSection(ProjectConfigurationPlatforms) = postSolution
		{32DB1FD7-9992-4222-B714-D70BD1C91B1D}.Debug|Any CPU.ActiveCfg = Debug|Any CPU
		{32DB1FD7-9992-4222-B714-D70BD1C91B1D}.Debug|Any CPU.Build.0 = Debug|Any CPU
		{32DB1FD7-9992-4222-B714-D70BD1C91B1D}.Release|Any CPU.ActiveCfg = Release|Any CPU
		{32DB1FD7-9992-4222-B714-D70BD1C91B1D}.Release|Any CPU.Build.0 = Release|Any CPU
	EndGlobalSection
	GlobalSection(SolutionProperties) = preSolution
		HideSolutionNode = FALSE
	EndGlobalSection
EndGlobal
